
Microsoft Visual Studio Solution File, Format Version 12.00
# Visual Studio Version 16
VisualStudioVersion = 16.0.30002.166
MinimumVisualStudioVersion = 10.0.40219.1
Project("{9A19103F-16F7-4668-BE54-9A1E7A4F7556}") = "bumShopSolution.WebApp", "bumShopSolution.WebApp\bumShopSolution.WebApp.csproj", "{4B4B97B0-FE71-4BA7-9BDF-29522949C9ED}"
EndProject
Project("{2150E333-8FDC-42A3-9474-1A3956D46DE8}") = "Solution Items", "Solution Items", "{588097CF-4562-43D5-A811-F97330B715F4}"
	ProjectSection(SolutionItems) = preProject
		README.md = README.md
	EndProjectSection
EndProject
Project("{FAE04EC0-301F-11D3-BF4B-00C04F79EFBC}") = "bumShopSolution.Data", "bumShopSolution.Data\bumShopSolution.Data.csproj", "{CFCAEB5F-006D-4F06-BE38-4C39504BFFF8}"
EndProject
Project("{FAE04EC0-301F-11D3-BF4B-00C04F79EFBC}") = "bumShopSolution.Application", "bumShopSolution.Application\bumShopSolution.Application.csproj", "{09E4A998-0642-454C-9736-C57A9605D3F3}"
EndProject
Global
	GlobalSection(SolutionConfigurationPlatforms) = preSolution
		Debug|Any CPU = Debug|Any CPU
		Release|Any CPU = Release|Any CPU
	EndGlobalSection
	GlobalSection(ProjectConfigurationPlatforms) = postSolution
		{4B4B97B0-FE71-4BA7-9BDF-29522949C9ED}.Debug|Any CPU.ActiveCfg = Debug|Any CPU
		{4B4B97B0-FE71-4BA7-9BDF-29522949C9ED}.Debug|Any CPU.Build.0 = Debug|Any CPU
		{4B4B97B0-FE71-4BA7-9BDF-29522949C9ED}.Release|Any CPU.ActiveCfg = Release|Any CPU
		{4B4B97B0-FE71-4BA7-9BDF-29522949C9ED}.Release|Any CPU.Build.0 = Release|Any CPU
		{CFCAEB5F-006D-4F06-BE38-4C39504BFFF8}.Debug|Any CPU.ActiveCfg = Debug|Any CPU
		{CFCAEB5F-006D-4F06-BE38-4C39504BFFF8}.Debug|Any CPU.Build.0 = Debug|Any CPU
		{CFCAEB5F-006D-4F06-BE38-4C39504BFFF8}.Release|Any CPU.ActiveCfg = Release|Any CPU
		{CFCAEB5F-006D-4F06-BE38-4C39504BFFF8}.Release|Any CPU.Build.0 = Release|Any CPU
		{09E4A998-0642-454C-9736-C57A9605D3F3}.Debug|Any CPU.ActiveCfg = Debug|Any CPU
		{09E4A998-0642-454C-9736-C57A9605D3F3}.Debug|Any CPU.Build.0 = Debug|Any CPU
		{09E4A998-0642-454C-9736-C57A9605D3F3}.Release|Any CPU.ActiveCfg = Release|Any CPU
		{09E4A998-0642-454C-9736-C57A9605D3F3}.Release|Any CPU.Build.0 = Release|Any CPU
	EndGlobalSection
	GlobalSection(SolutionProperties) = preSolution
		HideSolutionNode = FALSE
	EndGlobalSection
	GlobalSection(ExtensibilityGlobals) = postSolution
		SolutionGuid = {34096BF2-A90A-4E10-A95D-B4745C29BDAE}
	EndGlobalSection
EndGlobal
